
Microsoft Visual Studio Solution File, Format Version 12.00
# Visual Studio Version 17
VisualStudioVersion = 17.0.31919.166
MinimumVisualStudioVersion = 10.0.40219.1
Project("{9A19103F-16F7-4668-BE54-9A1E7A4F7556}") = "UI", "UI.csproj", "{E4051AFF-52DD-4EAF-A707-CB0E044044EF}"
EndProject
Project("{FAE04EC0-301F-11D3-BF4B-00C04F79EFBC}") = "test", "E:\Desktop\test\test.csproj", "{B380C972-6B05-4C82-93E1-B239EB7A95FE}"
EndProject
Global
	GlobalSection(SolutionConfigurationPlatforms) = preSolution
		Debug|Any CPU = Debug|Any CPU
		Release|Any CPU = Release|Any CPU
	EndGlobalSection
	GlobalSection(ProjectConfigurationPlatforms) = postSolution
		{E4051AFF-52DD-4EAF-A707-CB0E044044EF}.Debug|Any CPU.ActiveCfg = Debug|Any CPU
		{E4051AFF-52DD-4EAF-A707-CB0E044044EF}.Debug|Any CPU.Build.0 = Debug|Any CPU
		{E4051AFF-52DD-4EAF-A707-CB0E044044EF}.Release|Any CPU.ActiveCfg = Release|Any CPU
		{E4051AFF-52DD-4EAF-A707-CB0E044044EF}.Release|Any CPU.Build.0 = Release|Any CPU
		{B380C972-6B05-4C82-93E1-B239EB7A95FE}.Debug|Any CPU.ActiveCfg = Debug|Any CPU
		{B380C972-6B05-4C82-93E1-B239EB7A95FE}.Debug|Any CPU.Build.0 = Debug|Any CPU
		{B380C972-6B05-4C82-93E1-B239EB7A95FE}.Release|Any CPU.ActiveCfg = Release|Any CPU
		{B380C972-6B05-4C82-93E1-B239EB7A95FE}.Release|Any CPU.Build.0 = Release|Any CPU
	EndGlobalSection
	GlobalSection(SolutionProperties) = preSolution
		HideSolutionNode = FALSE
	EndGlobalSection
	GlobalSection(ExtensibilityGlobals) = postSolution
		SolutionGuid = {113AE7DC-F97D-4D65-8B50-21831C948938}
	EndGlobalSection
EndGlobal
